// !$*UTF8*$!
{
	archiveVersion = 1;
	classes = {
	};
	objectVersion = 46;
	objects = {

/* Begin PBXBuildFile section */
		D4D760B61A3C93210062F541 /* AppDelegate.swift in Sources */ = {isa = PBXBuildFile; fileRef = D4D760B51A3C93210062F541 /* AppDelegate.swift */; };
		D4D760B81A3C93210062F541 /* ViewController.swift in Sources */ = {isa = PBXBuildFile; fileRef = D4D760B71A3C93210062F541 /* ViewController.swift */; };
		D4D760BB1A3C93210062F541 /* Main.storyboard in Resources */ = {isa = PBXBuildFile; fileRef = D4D760B91A3C93210062F541 /* Main.storyboard */; };
		D4D760BD1A3C93210062F541 /* Images.xcassets in Resources */ = {isa = PBXBuildFile; fileRef = D4D760BC1A3C93210062F541 /* Images.xcassets */; };
		D4D760C01A3C93210062F541 /* LaunchScreen.xib in Resources */ = {isa = PBXBuildFile; fileRef = D4D760BE1A3C93210062F541 /* LaunchScreen.xib */; };
		D4D760CC1A3C93210062F541 /* HelloWorldTests.swift in Sources */ = {isa = PBXBuildFile; fileRef = D4D760CB1A3C93210062F541 /* HelloWorldTests.swift */; };
/* End PBXBuildFile section */

/* Begin PBXContainerItemProxy section */
		D4D760C61A3C93210062F541 /* PBXContainerItemProxy */ = {
			isa = PBXContainerItemProxy;
			containerPortal = D4D760A81A3C93210062F541 /* Project object */;
			proxyType = 1;
			remoteGlobalIDString = D4D760AF1A3C93210062F541;
			remoteInfo = HelloWorld;
		};
/* End PBXContainerItemProxy section */

/* Begin PBXFileReference section */
		D4D760B01A3C93210062F541 /* HelloWorld.app */ = {isa = PBXFileReference; explicitFileType = wrapper.application; includeInIndex = 0; path = HelloWorld.app; sourceTree = BUILT_PRODUCTS_DIR; };
		D4D760B41A3C93210062F541 /* Info.plist */ = {isa = PBXFileReference; lastKnownFileType = text.plist.xml; path = Info.plist; sourceTree = "<group>"; };
		D4D760B51A3C93210062F541 /* AppDelegate.swift */ = {isa = PBXFileReference; lastKnownFileType = sourcecode.swift; path = AppDelegate.swift; sourceTree = "<group>"; };
		D4D760B71A3C93210062F541 /* ViewController.swift */ = {isa = PBXFileReference; lastKnownFileType = sourcecode.swift; path = ViewController.swift; sourceTree = "<group>"; };
		D4D760BA1A3C93210062F541 /* Base */ = {isa = PBXFileReference; lastKnownFileType = file.storyboard; name = Base; path = Base.lproj/Main.storyboard; sourceTree = "<group>"; };
		D4D760BC1A3C93210062F541 /* Images.xcassets */ = {isa = PBXFileReference; lastKnownFileType = folder.assetcatalog; path = Images.xcassets; sourceTree = "<group>"; };
		D4D760BF1A3C93210062F541 /* Base */ = {isa = PBXFileReference; lastKnownFileType = file.xib; name = Base; path = Base.lproj/LaunchScreen.xib; sourceTree = "<group>"; };
		D4D760C51A3C93210062F541 /* HelloWorldTests.xctest */ = {isa = PBXFileReference; explicitFileType = wrapper.cfbundle; includeInIndex = 0; path = HelloWorldTests.xctest; sourceTree = BUILT_PRODUCTS_DIR; };
		D4D760CA1A3C93210062F541 /* Info.plist */ = {isa = PBXFileReference; lastKnownFileType = text.plist.xml; path = Info.plist; sourceTree = "<group>"; };
		D4D760CB1A3C93210062F541 /* HelloWorldTests.swift */ = {isa = PBXFileReference; lastKnownFileType = sourcecode.swift; path = HelloWorldTests.swift; sourceTree = "<group>"; };
/* End PBXFileReference section */

/* Begin PBXFrameworksBuildPhase section */
		D4D760AD1A3C93210062F541 /* Frameworks */ = {
			isa = PBXFrameworksBuildPhase;
			buildActionMask = 2147483647;
			files = (
			);
			runOnlyForDeploymentPostprocessing = 0;
		};
		D4D760C21A3C93210062F541 /* Frameworks */ = {
			isa = PBXFrameworksBuildPhase;
			buildActionMask = 2147483647;
			files = (
			);
			runOnlyForDeploymentPostprocessing = 0;
		};
/* End PBXFrameworksBuildPhase section */

/* Begin PBXGroup section */
		D4D760A71A3C93210062F541 = {
			isa = PBXGroup;
			children = (
				D4D760B21A3C93210062F541 /* HelloWorld */,
				D4D760C81A3C93210062F541 /* HelloWorldTests */,
				D4D760B11A3C93210062F541 /* Products */,
			);
			sourceTree = "<group>";
		};
		D4D760B11A3C93210062F541 /* Products */ = {
			isa = PBXGroup;
			children = (
				D4D760B01A3C93210062F541 /* HelloWorld.app */,
				D4D760C51A3C93210062F541 /* HelloWorldTests.xctest */,
			);
			name = Products;
			sourceTree = "<group>";
		};
		D4D760B21A3C93210062F541 /* HelloWorld */ = {
			isa = PBXGroup;
			children = (
				D4D760B51A3C93210062F541 /* AppDelegate.swift */,
				D4D760B71A3C93210062F541 /* ViewController.swift */,
				D4D760B91A3C93210062F541 /* Main.storyboard */,
				D4D760BC1A3C93210062F541 /* Images.xcassets */,
				D4D760BE1A3C93210062F541 /* LaunchScreen.xib */,
				D4D760B31A3C93210062F541 /* Supporting Files */,
			);
			path = HelloWorld;
			sourceTree = "<group>";
		};
		D4D760B31A3C93210062F541 /* Supporting Files */ = {
			isa = PBXGroup;
			children = (
				D4D760B41A3C93210062F541 /* Info.plist */,
			);
			name = "Supporting Files";
			sourceTree = "<group>";
		};
		D4D760C81A3C93210062F541 /* HelloWorldTests */ = {
			isa = PBXGroup;
			children = (
				D4D760CB1A3C93210062F541 /* HelloWorldTests.swift */,
				D4D760C91A3C93210062F541 /* Supporting Files */,
			);
			path = HelloWorldTests;
			sourceTree = "<group>";
		};
		D4D760C91A3C93210062F541 /* Supporting Files */ = {
			isa = PBXGroup;
			children = (
				D4D760CA1A3C93210062F541 /* Info.plist */,
			);
			name = "Supporting Files";
			sourceTree = "<group>";
		};
/* End PBXGroup section */

/* Begin PBXNativeTarget section */
		D4D760AF1A3C93210062F541 /* HelloWorld */ = {
			isa = PBXNativeTarget;
			buildConfigurationList = D4D760CF1A3C93210062F541 /* Build configuration list for PBXNativeTarget "HelloWorld" */;
			buildPhases = (
				D4D760AC1A3C93210062F541 /* Sources */,
				D4D760AD1A3C93210062F541 /* Frameworks */,
				D4D760AE1A3C93210062F541 /* Resources */,
			);
			buildRules = (
			);
			dependencies = (
			);
			name = HelloWorld;
			productName = HelloWorld;
			productReference = D4D760B01A3C93210062F541 /* HelloWorld.app */;
			productType = "com.apple.product-type.application";
		};
		D4D760C41A3C93210062F541 /* HelloWorldTests */ = {
			isa = PBXNativeTarget;
			buildConfigurationList = D4D760D21A3C93210062F541 /* Build configuration list for PBXNativeTarget "HelloWorldTests" */;
			buildPhases = (
				D4D760C11A3C93210062F541 /* Sources */,
				D4D760C21A3C93210062F541 /* Frameworks */,
				D4D760C31A3C93210062F541 /* Resources */,
			);
			buildRules = (
			);
			dependencies = (
				D4D760C71A3C93210062F541 /* PBXTargetDependency */,
			);
			name = HelloWorldTests;
			productName = HelloWorldTests;
			productReference = D4D760C51A3C93210062F541 /* HelloWorldTests.xctest */;
			productType = "com.apple.product-type.bundle.unit-test";
		};
/* End PBXNativeTarget section */

/* Begin PBXProject section */
		D4D760A81A3C93210062F541 /* Project object */ = {
			isa = PBXProject;
			attributes = {
				LastUpgradeCheck = 0610;
				ORGANIZATIONNAME = "Rob Hamilton";
				TargetAttributes = {
					D4D760AF1A3C93210062F541 = {
						CreatedOnToolsVersion = 6.1.1;
					};
					D4D760C41A3C93210062F541 = {
						CreatedOnToolsVersion = 6.1.1;
						TestTargetID = D4D760AF1A3C93210062F541;
					};
				};
			};
			buildConfigurationList = D4D760AB1A3C93210062F541 /* Build configuration list for PBXProject "HelloWorld" */;
			compatibilityVersion = "Xcode 3.2";
			developmentRegion = English;
			hasScannedForEncodings = 0;
			knownRegions = (
				en,
				Base,
			);
			mainGroup = D4D760A71A3C93210062F541;
			productRefGroup = D4D760B11A3C93210062F541 /* Products */;
			projectDirPath = "";
			projectRoot = "";
			targets = (
				D4D760AF1A3C93210062F541 /* HelloWorld */,
				D4D760C41A3C93210062F541 /* HelloWorldTests */,
			);
		};
/* End PBXProject section */

/* Begin PBXResourcesBuildPhase section */
		D4D760AE1A3C93210062F541 /* Resources */ = {
			isa = PBXResourcesBuildPhase;
			buildActionMask = 2147483647;
			files = (
				D4D760BB1A3C93210062F541 /* Main.storyboard in Resources */,
				D4D760C01A3C93210062F541 /* LaunchScreen.xib in Resources */,
				D4D760BD1A3C93210062F541 /* Images.xcassets in Resources */,
			);
			runOnlyForDeploymentPostprocessing = 0;
		};
		D4D760C31A3C93210062F541 /* Resources */ = {
			isa = PBXResourcesBuildPhase;
			buildActionMask = 2147483647;
			files = (
			);
			runOnlyForDeploymentPostprocessing = 0;
		};
/* End PBXResourcesBuildPhase section */

/* Begin PBXSourcesBuildPhase section */
		D4D760AC1A3C93210062F541 /* Sources */ = {
			isa = PBXSourcesBuildPhase;
			buildActionMask = 2147483647;
			files = (
				D4D760B81A3C93210062F541 /* ViewController.swift in Sources */,
				D4D760B61A3C93210062F541 /* AppDelegate.swift in Sources */,
			);
			runOnlyForDeploymentPostprocessing = 0;
		};
		D4D760C11A3C93210062F541 /* Sources */ = {
			isa = PBXSourcesBuildPhase;
			buildActionMask = 2147483647;
			files = (
				D4D760CC1A3C93210062F541 /* HelloWorldTests.swift in Sources */,
			);
			runOnlyForDeploymentPostprocessing = 0;
		};
/* End PBXSourcesBuildPhase section */

/* Begin PBXTargetDependency section */
		D4D760C71A3C93210062F541 /* PBXTargetDependency */ = {
			isa = PBXTargetDependency;
			target = D4D760AF1A3C93210062F541 /* HelloWorld */;
			targetProxy = D4D760C61A3C93210062F541 /* PBXContainerItemProxy */;
		};
/* End PBXTargetDependency section */

/* Begin PBXVariantGroup section */
		D4D760B91A3C93210062F541 /* Main.storyboard */ = {
			isa = PBXVariantGroup;
			children = (
				D4D760BA1A3C93210062F541 /* Base */,
			);
			name = Main.storyboard;
			sourceTree = "<group>";
		};
		D4D760BE1A3C93210062F541 /* LaunchScreen.xib */ = {
			isa = PBXVariantGroup;
			children = (
				D4D760BF1A3C93210062F541 /* Base */,
			);
			name = LaunchScreen.xib;
			sourceTree = "<group>";
		};
/* End PBXVariantGroup section */

/* Begin XCBuildConfiguration section */
		D4D760CD1A3C93210062F541 /* Debug */ = {
			isa = XCBuildConfiguration;
			buildSettings = {
				ALWAYS_SEARCH_USER_PATHS = NO;
				CLANG_CXX_LANGUAGE_STANDARD = "gnu++0x";
				CLANG_CXX_LIBRARY = "libc++";
				CLANG_ENABLE_MODULES = YES;
				CLANG_ENABLE_OBJC_ARC = YES;
				CLANG_WARN_BOOL_CONVERSION = YES;
				CLANG_WARN_CONSTANT_CONVERSION = YES;
				CLANG_WARN_DIRECT_OBJC_ISA_USAGE = YES_ERROR;
				CLANG_WARN_EMPTY_BODY = YES;
				CLANG_WARN_ENUM_CONVERSION = YES;
				CLANG_WARN_INT_CONVERSION = YES;
				CLANG_WARN_OBJC_ROOT_CLASS = YES_ERROR;
				CLANG_WARN_UNREACHABLE_CODE = YES;
				CLANG_WARN__DUPLICATE_METHOD_MATCH = YES;
				"CODE_SIGN_IDENTITY[sdk=iphoneos*]" = "iPhone Developer";
				COPY_PHASE_STRIP = NO;
				ENABLE_STRICT_OBJC_MSGSEND = YES;
				GCC_C_LANGUAGE_STANDARD = gnu99;
				GCC_DYNAMIC_NO_PIC = NO;
				GCC_OPTIMIZATION_LEVEL = 0;
				GCC_PREPROCESSOR_DEFINITIONS = (
					"DEBUG=1",
					"$(inherited)",
				);
				GCC_SYMBOLS_PRIVATE_EXTERN = NO;
				GCC_WARN_64_TO_32_BIT_CONVERSION = YES;
				GCC_WARN_ABOUT_RETURN_TYPE = YES_ERROR;
				GCC_WARN_UNDECLARED_SELECTOR = YES;
				GCC_WARN_UNINITIALIZED_AUTOS = YES_AGGRESSIVE;
				GCC_WARN_UNUSED_FUNCTION = YES;
				GCC_WARN_UNUSED_VARIABLE = YES;
				IPHONEOS_DEPLOYMENT_TARGET = 8.1;
				MTL_ENABLE_DEBUG_INFO = YES;
				ONLY_ACTIVE_ARCH = YES;
				SDKROOT = iphoneos;
				SWIFT_OPTIMIZATION_LEVEL = "-Onone";
				TARGETED_DEVICE_FAMILY = "1,2";
			};
			name = Debug;
		};
		D4D760CE1A3C93210062F541 /* Release */ = {
			isa = XCBuildConfiguration;
			buildSettings = {
				ALWAYS_SEARCH_USER_PATHS = NO;
				CLANG_CXX_LANGUAGE_STANDARD = "gnu++0x";
				CLANG_CXX_LIBRARY = "libc++";
				CLANG_ENABLE_MODULES = YES;
				CLANG_ENABLE_OBJC_ARC = YES;
				CLANG_WARN_BOOL_CONVERSION = YES;
				CLANG_WARN_CONSTANT_CONVERSION = YES;
				CLANG_WARN_DIRECT_OBJC_ISA_USAGE = YES_ERROR;
				CLANG_WARN_EMPTY_BODY = YES;
				CLANG_WARN_ENUM_CONVERSION = YES;
				CLANG_WARN_INT_CONVERSION = YES;
				CLANG_WARN_OBJC_ROOT_CLASS = YES_ERROR;
				CLANG_WARN_UNREACHABLE_CODE = YES;
				CLANG_WARN__DUPLICATE_METHOD_MATCH = YES;
				"CODE_SIGN_IDENTITY[sdk=iphoneos*]" = "iPhone Developer";
				COPY_PHASE_STRIP = YES;
				ENABLE_NS_ASSERTIONS = NO;
				ENABLE_STRICT_OBJC_MSGSEND = YES;
				GCC_C_LANGUAGE_STANDARD = gnu99;
				GCC_WARN_64_TO_32_BIT_CONVERSION = YES;
				GCC_WARN_ABOUT_RETURN_TYPE = YES_ERROR;
				GCC_WARN_UNDECLARED_SELECTOR = YES;
				GCC_WARN_UNINITIALIZED_AUTOS = YES_AGGRESSIVE;
				GCC_WARN_UNUSED_FUNCTION = YES;
				GCC_WARN_UNUSED_VARIABLE = YES;
				IPHONEOS_DEPLOYMENT_TARGET = 8.1;
				MTL_ENABLE_DEBUG_INFO = NO;
				SDKROOT = iphoneos;
				TARGETED_DEVICE_FAMILY = "1,2";
				VALIDATE_PRODUCT = YES;
			};
			name = Release;
		};
		D4D760D01A3C93210062F541 /* Debug */ = {
			isa = XCBuildConfiguration;
			buildSettings = {
				ASSETCATALOG_COMPILER_APPICON_NAME = AppIcon;
				INFOPLIST_FILE = HelloWorld/Info.plist;
				LD_RUNPATH_SEARCH_PATHS = "$(inherited) @executable_path/Frameworks";
				PRODUCT_NAME = "$(TARGET_NAME)";
			};
			name = Debug;
		};
		D4D760D11A3C93210062F541 /* Release */ = {
			isa = XCBuildConfiguration;
			buildSettings = {
				ASSETCATALOG_COMPILER_APPICON_NAME = AppIcon;
				INFOPLIST_FILE = HelloWorld/Info.plist;
				LD_RUNPATH_SEARCH_PATHS = "$(inherited) @executable_path/Frameworks";
				PRODUCT_NAME = "$(TARGET_NAME)";
			};
			name = Release;
		};
		D4D760D31A3C93210062F541 /* Debug */ = {
			isa = XCBuildConfiguration;
			buildSettings = {
				BUNDLE_LOADER = "$(TEST_HOST)";
				FRAMEWORK_SEARCH_PATHS = (
					"$(SDKROOT)/Developer/Library/Frameworks",
					"$(inherited)",
				);
				GCC_PREPROCESSOR_DEFINITIONS = (
					"DEBUG=1",
					"$(inherited)",
				);
				INFOPLIST_FILE = HelloWorldTests/Info.plist;
				LD_RUNPATH_SEARCH_PATHS = "$(inherited) @executable_path/Frameworks @loader_path/Frameworks";
				PRODUCT_NAME = "$(TARGET_NAME)";
				TEST_HOST = "$(BUILT_PRODUCTS_DIR)/HelloWorld.app/HelloWorld";
			};
			name = Debug;
		};
		D4D760D41A3C93210062F541 /* Release */ = {
			isa = XCBuildConfiguration;
			buildSettings = {
				BUNDLE_LOADER = "$(TEST_HOST)";
				FRAMEWORK_SEARCH_PATHS = (
					"$(SDKROOT)/Developer/Library/Frameworks",
					"$(inherited)",
				);
				INFOPLIST_FILE = HelloWorldTests/Info.plist;
				LD_RUNPATH_SEARCH_PATHS = "$(inherited) @executable_path/Frameworks @loader_path/Frameworks";
				PRODUCT_NAME = "$(TARGET_NAME)";
				TEST_HOST = "$(BUILT_PRODUCTS_DIR)/HelloWorld.app/HelloWorld";
			};
			name = Release;
		};
/* End XCBuildConfiguration section */

/* Begin XCConfigurationList section */
		D4D760AB1A3C93210062F541 /* Build configuration list for PBXProject "HelloWorld" */ = {
			isa = XCConfigurationList;
			buildConfigurations = (
				D4D760CD1A3C93210062F541 /* Debug */,
				D4D760CE1A3C93210062F541 /* Release */,
			);
			defaultConfigurationIsVisible = 0;
			defaultConfigurationName = Release;
		};
		D4D760CF1A3C93210062F541 /* Build configuration list for PBXNativeTarget "HelloWorld" */ = {
			isa = XCConfigurationList;
			buildConfigurations = (
				D4D760D01A3C93210062F541 /* Debug */,
				D4D760D11A3C93210062F541 /* Release */,
			);
			defaultConfigurationIsVisible = 0;
		};
		D4D760D21A3C93210062F541 /* Build configuration list for PBXNativeTarget "HelloWorldTests" */ = {
			isa = XCConfigurationList;
			buildConfigurations = (
				D4D760D31A3C93210062F541 /* Debug */,
				D4D760D41A3C93210062F541 /* Release */,
			);
			defaultConfigurationIsVisible = 0;
		};
/* End XCConfigurationList section */
	};
	rootObject = D4D760A81A3C93210062F541 /* Project object */;
}
